
Microsoft Visual Studio Solution File, Format Version 12.00
# Visual Studio Version 16
VisualStudioVersion = 16.0.30804.86
MinimumVisualStudioVersion = 10.0.40219.1
Project("{FAE04EC0-301F-11D3-BF4B-00C04F79EFBC}") = "Indiano", "Indiano\Indiano.csproj", "{F466619D-B7C4-4E74-B734-5CB42C689454}"
EndProject
Global
	GlobalSection(SolutionConfigurationPlatforms) = preSolution
		Debug|Any CPU = Debug|Any CPU
		Release|Any CPU = Release|Any CPU
	EndGlobalSection
	GlobalSection(ProjectConfigurationPlatforms) = postSolution
		{F466619D-B7C4-4E74-B734-5CB42C689454}.Debug|Any CPU.ActiveCfg = Debug|Any CPU
		{F466619D-B7C4-4E74-B734-5CB42C689454}.Debug|Any CPU.Build.0 = Debug|Any CPU
		{F466619D-B7C4-4E74-B734-5CB42C689454}.Release|Any CPU.ActiveCfg = Release|Any CPU
		{F466619D-B7C4-4E74-B734-5CB42C689454}.Release|Any CPU.Build.0 = Release|Any CPU
	EndGlobalSection
	GlobalSection(SolutionProperties) = preSolution
		HideSolutionNode = FALSE
	EndGlobalSection
	GlobalSection(ExtensibilityGlobals) = postSolution
		SolutionGuid = {8851E062-8BD4-4903-80DE-61C1395B4376}
	EndGlobalSection
EndGlobal
